Microsoft Visual Studio Solution File, Format Version 9.00
# Visual Studio 2005
Project("{FAE04EC0-301F-11D3-BF4B-00C04F79EFBC}") = "LexiconFX", "LexiconFX.csproj", "{AEC798F0-8CDD-4B21-BCF5-56E04F0F7C3D}"
EndProject
Global
	GlobalSection(SolutionConfigurationPlatforms) = preSolution
		Debug|Any CPU = Debug|Any CPU
		Release|Any CPU = Release|Any CPU
	EndGlobalSection
	GlobalSection(ProjectConfigurationPlatforms) = postSolution
		{AEC798F0-8CDD-4B21-BCF5-56E04F0F7C3D}.Debug|Any CPU.ActiveCfg = Debug|Any CPU
		{AEC798F0-8CDD-4B21-BCF5-56E04F0F7C3D}.Debug|Any CPU.Build.0 = Debug|Any CPU
		{AEC798F0-8CDD-4B21-BCF5-56E04F0F7C3D}.Release|Any CPU.ActiveCfg = Release|Any CPU
		{AEC798F0-8CDD-4B21-BCF5-56E04F0F7C3D}.Release|Any CPU.Build.0 = Release|Any CPU
	EndGlobalSection
	GlobalSection(SolutionProperties) = preSolution
		HideSolutionNode = FALSE
	EndGlobalSection
EndGlobal
